
Microsoft Visual Studio Solution File, Format Version 12.00
# Visual Studio Version 17
VisualStudioVersion = 17.11.35312.102
MinimumVisualStudioVersion = 10.0.40219.1
Project("{2150E333-8FDC-42A3-9474-1A3956D46DE8}") = "Task0", "Task0", "{2292CF00-E1FC-4B7D-A0C0-E2C64745E5AA}"
EndProject
Project("{9A19103F-16F7-4668-BE54-9A1E7A4F7556}") = "Tyuiu.BozhukovVP.Sprint6.Task0.V6", "Tyuiu.BozhukovVP.Sprint6.Task0.V6\Tyuiu.BozhukovVP.Sprint6.Task0.V6.csproj", "{18533D2F-90E2-4F99-8B40-12FBDA784248}"
EndProject
Project("{9A19103F-16F7-4668-BE54-9A1E7A4F7556}") = "Tyuiu.BozhukovVP.Sprint6.Task0.V6.Lib", "Tyuiu.BozhukovVP.Sprint6.Task0.V6.Lib\Tyuiu.BozhukovVP.Sprint6.Task0.V6.Lib.csproj", "{D0A0661D-1D4D-4F30-8C70-C74537B35892}"
EndProject
Project("{9A19103F-16F7-4668-BE54-9A1E7A4F7556}") = "Tyuiu.BozhukovVP.Sprint6.Task0.V6.Test", "Tyuiu.BozhukovVP.Sprint6.Task0.V6.Test\Tyuiu.BozhukovVP.Sprint6.Task0.V6.Test.csproj", "{46281B6F-ECAC-42C5-A29F-F6DCDD8878CB}"
EndProject
Project("{2150E333-8FDC-42A3-9474-1A3956D46DE8}") = "Task1", "Task1", "{7AF76B12-9C2E-4D7B-8D42-99846113EFB0}"
EndProject
Project("{9A19103F-16F7-4668-BE54-9A1E7A4F7556}") = "Tyuiu.BozhukovVP.Sprint6.Task1.V26.Lib", "Tyuiu.BozhukovVP.Sprint6.Task1.V26.Lib\Tyuiu.BozhukovVP.Sprint6.Task1.V26.Lib.csproj", "{15E16FE1-8D7F-450F-BB2D-2713632D310E}"
EndProject
Project("{9A19103F-16F7-4668-BE54-9A1E7A4F7556}") = "Tyuiu.BozhukovVP.Sprint6.Task1.V26", "Tyuiu.BozhukovVP.Sprint6.Task1.V26\Tyuiu.BozhukovVP.Sprint6.Task1.V26.csproj", "{7D6C925C-A38B-46F0-BE06-5B0EE248ED61}"
EndProject
Project("{9A19103F-16F7-4668-BE54-9A1E7A4F7556}") = "Tyuiu.BozhukovVP.Sprint6.Task1.V26.Test", "Tyuiu.BozhukovVP.Sprint6.Task1.V26.Test\Tyuiu.BozhukovVP.Sprint6.Task1.V26.Test.csproj", "{341EE61C-7029-4B6F-8F40-220B49579B51}"
EndProject
Project("{2150E333-8FDC-42A3-9474-1A3956D46DE8}") = "Task2", "Task2", "{E15CE735-5951-4BB1-A4BE-1493368DD488}"
EndProject
Project("{9A19103F-16F7-4668-BE54-9A1E7A4F7556}") = "Tyuiu.BozhukovVP.Sprint6.Task2.V5.Lib", "Tyuiu.BozhukovVP.Sprint6.Task2.V5.Lib\Tyuiu.BozhukovVP.Sprint6.Task2.V5.Lib.csproj", "{84F0FEE1-158C-4A57-898B-F6364F604D26}"
EndProject
Project("{9A19103F-16F7-4668-BE54-9A1E7A4F7556}") = "Tyuiu.BozhukovVP.Sprint6.Task2.V5.Test", "Tyuiu.BozhukovVP.Sprint6.Task2.V5.Test\Tyuiu.BozhukovVP.Sprint6.Task2.V5.Test.csproj", "{892753C8-552F-44D3-92F1-213E9E5D92C4}"
EndProject
Project("{9A19103F-16F7-4668-BE54-9A1E7A4F7556}") = "Tyuiu.BozhukovVP.Sprint6.Task2.V5", "Tyuiu.BozhukovVP.Sprint6.Task2.V5\Tyuiu.BozhukovVP.Sprint6.Task2.V5.csproj", "{E3A69B64-4B8C-45F1-AD03-366635192CAA}"
EndProject
Project("{2150E333-8FDC-42A3-9474-1A3956D46DE8}") = "Task3", "Task3", "{C5D8B917-D9B1-4561-AE13-A637BC337938}"
EndProject
Project("{9A19103F-16F7-4668-BE54-9A1E7A4F7556}") = "Tyuiu.BozhukovVP.Sprint6.Task3.V24", "Tyuiu.BozhukovVP.Sprint6.Task3.V24\Tyuiu.BozhukovVP.Sprint6.Task3.V24.csproj", "{0C026599-FC62-494D-B9CA-37599B070BF2}"
EndProject
Project("{FAE04EC0-301F-11D3-BF4B-00C04F79EFBC}") = "Tyuiu.BozhukovVP.Sprint6.Task3.V24.Lib", "Tyuiu.BozhukovVP.Sprint6.Task3.V24.Lib\Tyuiu.BozhukovVP.Sprint6.Task3.V24.Lib.csproj", "{F2D104F7-9B47-45D2-83D9-962B210109D7}"
EndProject
Project("{FAE04EC0-301F-11D3-BF4B-00C04F79EFBC}") = "Tyuiu.BozhukovVP.Sprint6.Task3.V24.Test", "Tyuiu.BozhukovVP.Sprint6.Task3.V24.Test\Tyuiu.BozhukovVP.Sprint6.Task3.V24.Test.csproj", "{473CE246-638F-4D90-A1E5-C524D6D4ADE1}"
EndProject
Project("{2150E333-8FDC-42A3-9474-1A3956D46DE8}") = "Task4", "Task4", "{5B1B2A32-20D6-4499-A8EF-35A261260C06}"
EndProject
Project("{FAE04EC0-301F-11D3-BF4B-00C04F79EFBC}") = "Tyuiu.BozhukovVP.Sprint6.Task4.V25", "Tyuiu.BozhukovVP.Sprint6.Task4.V25\Tyuiu.BozhukovVP.Sprint6.Task4.V25.csproj", "{D507B514-139F-4C77-917D-72EF00E74B88}"
EndProject
Project("{FAE04EC0-301F-11D3-BF4B-00C04F79EFBC}") = "Tyuiu.BozhukovVP.Sprint6.Task4.V25.Lib", "Tyuiu.BozhukovVP.Sprint6.Task4.V25.Lib\Tyuiu.BozhukovVP.Sprint6.Task4.V25.Lib.csproj", "{B9B51251-B1EC-4837-A294-8780C92BD6F6}"
EndProject
Project("{FAE04EC0-301F-11D3-BF4B-00C04F79EFBC}") = "Tyuiu.BozhukovVP.Sprint6.Task4.V25.Test", "Tyuiu.BozhukovVP.Sprint6.Task4.V25.Test\Tyuiu.BozhukovVP.Sprint6.Task4.V25.Test.csproj", "{D2116C83-72F5-44C1-94AF-8615A86B5A50}"
EndProject
Project("{2150E333-8FDC-42A3-9474-1A3956D46DE8}") = "Task5", "Task5", "{5EA73D2F-6C62-486B-8BE5-A60399A2F8FB}"
EndProject
Project("{FAE04EC0-301F-11D3-BF4B-00C04F79EFBC}") = "Tyuiu.BozhukovVP.Sprint6.Task5.V13", "Tyuiu.BozhukovVP.Sprint6.Task5.V13\Tyuiu.BozhukovVP.Sprint6.Task5.V13.csproj", "{1654E2B0-C8E5-474C-A5AA-B9324FB58E94}"
EndProject
Project("{FAE04EC0-301F-11D3-BF4B-00C04F79EFBC}") = "Tyuiu.BozhukovVP.Sprint6.Task5.V13.Lib", "Tyuiu.BozhukovVP.Sprint6.Task5.V13.Lib\Tyuiu.BozhukovVP.Sprint6.Task5.V13.Lib.csproj", "{8C249521-B56B-4A5B-B8A2-1D7A00A05E5A}"
EndProject
Project("{FAE04EC0-301F-11D3-BF4B-00C04F79EFBC}") = "Tyuiu.BozhukovVP.Sprint6.Task5.V13.Test", "Tyuiu.BozhukovVP.Sprint6.Task5.V13.Test\Tyuiu.BozhukovVP.Sprint6.Task5.V13.Test.csproj", "{446CECF6-7943-40EC-AE0C-8075E47D7A44}"
EndProject
Global
	GlobalSection(SolutionConfigurationPlatforms) = preSolution
		Debug|Any CPU = Debug|Any CPU
		Release|Any CPU = Release|Any CPU
	EndGlobalSection
	GlobalSection(ProjectConfigurationPlatforms) = postSolution
		{18533D2F-90E2-4F99-8B40-12FBDA784248}.Debug|Any CPU.ActiveCfg = Debug|Any CPU
		{18533D2F-90E2-4F99-8B40-12FBDA784248}.Debug|Any CPU.Build.0 = Debug|Any CPU
		{18533D2F-90E2-4F99-8B40-12FBDA784248}.Release|Any CPU.ActiveCfg = Release|Any CPU
		{18533D2F-90E2-4F99-8B40-12FBDA784248}.Release|Any CPU.Build.0 = Release|Any CPU
		{D0A0661D-1D4D-4F30-8C70-C74537B35892}.Debug|Any CPU.ActiveCfg = Debug|Any CPU
		{D0A0661D-1D4D-4F30-8C70-C74537B35892}.Debug|Any CPU.Build.0 = Debug|Any CPU
		{D0A0661D-1D4D-4F30-8C70-C74537B35892}.Release|Any CPU.ActiveCfg = Release|Any CPU
		{D0A0661D-1D4D-4F30-8C70-C74537B35892}.Release|Any CPU.Build.0 = Release|Any CPU
		{46281B6F-ECAC-42C5-A29F-F6DCDD8878CB}.Debug|Any CPU.ActiveCfg = Debug|Any CPU
		{46281B6F-ECAC-42C5-A29F-F6DCDD8878CB}.Debug|Any CPU.Build.0 = Debug|Any CPU
		{46281B6F-ECAC-42C5-A29F-F6DCDD8878CB}.Release|Any CPU.ActiveCfg = Release|Any CPU
		{46281B6F-ECAC-42C5-A29F-F6DCDD8878CB}.Release|Any CPU.Build.0 = Release|Any CPU
		{15E16FE1-8D7F-450F-BB2D-2713632D310E}.Debug|Any CPU.ActiveCfg = Debug|Any CPU
		{15E16FE1-8D7F-450F-BB2D-2713632D310E}.Debug|Any CPU.Build.0 = Debug|Any CPU
		{15E16FE1-8D7F-450F-BB2D-2713632D310E}.Release|Any CPU.ActiveCfg = Release|Any CPU
		{15E16FE1-8D7F-450F-BB2D-2713632D310E}.Release|Any CPU.Build.0 = Release|Any CPU
		{7D6C925C-A38B-46F0-BE06-5B0EE248ED61}.Debug|Any CPU.ActiveCfg = Debug|Any CPU
		{7D6C925C-A38B-46F0-BE06-5B0EE248ED61}.Debug|Any CPU.Build.0 = Debug|Any CPU
		{7D6C925C-A38B-46F0-BE06-5B0EE248ED61}.Release|Any CPU.ActiveCfg = Release|Any CPU
		{7D6C925C-A38B-46F0-BE06-5B0EE248ED61}.Release|Any CPU.Build.0 = Release|Any CPU
		{341EE61C-7029-4B6F-8F40-220B49579B51}.Debug|Any CPU.ActiveCfg = Debug|Any CPU
		{341EE61C-7029-4B6F-8F40-220B49579B51}.Debug|Any CPU.Build.0 = Debug|Any CPU
		{341EE61C-7029-4B6F-8F40-220B49579B51}.Release|Any CPU.ActiveCfg = Release|Any CPU
		{341EE61C-7029-4B6F-8F40-220B49579B51}.Release|Any CPU.Build.0 = Release|Any CPU
		{84F0FEE1-158C-4A57-898B-F6364F604D26}.Debug|Any CPU.ActiveCfg = Debug|Any CPU
		{84F0FEE1-158C-4A57-898B-F6364F604D26}.Debug|Any CPU.Build.0 = Debug|Any CPU
		{84F0FEE1-158C-4A57-898B-F6364F604D26}.Release|Any CPU.ActiveCfg = Release|Any CPU
		{84F0FEE1-158C-4A57-898B-F6364F604D26}.Release|Any CPU.Build.0 = Release|Any CPU
		{892753C8-552F-44D3-92F1-213E9E5D92C4}.Debug|Any CPU.ActiveCfg = Debug|Any CPU
		{892753C8-552F-44D3-92F1-213E9E5D92C4}.Debug|Any CPU.Build.0 = Debug|Any CPU
		{892753C8-552F-44D3-92F1-213E9E5D92C4}.Release|Any CPU.ActiveCfg = Release|Any CPU
		{892753C8-552F-44D3-92F1-213E9E5D92C4}.Release|Any CPU.Build.0 = Release|Any CPU
		{E3A69B64-4B8C-45F1-AD03-366635192CAA}.Debug|Any CPU.ActiveCfg = Debug|Any CPU
		{E3A69B64-4B8C-45F1-AD03-366635192CAA}.Debug|Any CPU.Build.0 = Debug|Any CPU
		{E3A69B64-4B8C-45F1-AD03-366635192CAA}.Release|Any CPU.ActiveCfg = Release|Any CPU
		{E3A69B64-4B8C-45F1-AD03-366635192CAA}.Release|Any CPU.Build.0 = Release|Any CPU
		{0C026599-FC62-494D-B9CA-37599B070BF2}.Debug|Any CPU.ActiveCfg = Debug|Any CPU
		{0C026599-FC62-494D-B9CA-37599B070BF2}.Debug|Any CPU.Build.0 = Debug|Any CPU
		{0C026599-FC62-494D-B9CA-37599B070BF2}.Release|Any CPU.ActiveCfg = Release|Any CPU
		{0C026599-FC62-494D-B9CA-37599B070BF2}.Release|Any CPU.Build.0 = Release|Any CPU
		{F2D104F7-9B47-45D2-83D9-962B210109D7}.Debug|Any CPU.ActiveCfg = Debug|Any CPU
		{F2D104F7-9B47-45D2-83D9-962B210109D7}.Debug|Any CPU.Build.0 = Debug|Any CPU
		{F2D104F7-9B47-45D2-83D9-962B210109D7}.Release|Any CPU.ActiveCfg = Release|Any CPU
		{F2D104F7-9B47-45D2-83D9-962B210109D7}.Release|Any CPU.Build.0 = Release|Any CPU
		{473CE246-638F-4D90-A1E5-C524D6D4ADE1}.Debug|Any CPU.ActiveCfg = Debug|Any CPU
		{473CE246-638F-4D90-A1E5-C524D6D4ADE1}.Debug|Any CPU.Build.0 = Debug|Any CPU
		{473CE246-638F-4D90-A1E5-C524D6D4ADE1}.Release|Any CPU.ActiveCfg = Release|Any CPU
		{473CE246-638F-4D90-A1E5-C524D6D4ADE1}.Release|Any CPU.Build.0 = Release|Any CPU
		{D507B514-139F-4C77-917D-72EF00E74B88}.Debug|Any CPU.ActiveCfg = Debug|Any CPU
		{D507B514-139F-4C77-917D-72EF00E74B88}.Debug|Any CPU.Build.0 = Debug|Any CPU
		{D507B514-139F-4C77-917D-72EF00E74B88}.Release|Any CPU.ActiveCfg = Release|Any CPU
		{D507B514-139F-4C77-917D-72EF00E74B88}.Release|Any CPU.Build.0 = Release|Any CPU
		{B9B51251-B1EC-4837-A294-8780C92BD6F6}.Debug|Any CPU.ActiveCfg = Debug|Any CPU
		{B9B51251-B1EC-4837-A294-8780C92BD6F6}.Debug|Any CPU.Build.0 = Debug|Any CPU
		{B9B51251-B1EC-4837-A294-8780C92BD6F6}.Release|Any CPU.ActiveCfg = Release|Any CPU
		{B9B51251-B1EC-4837-A294-8780C92BD6F6}.Release|Any CPU.Build.0 = Release|Any CPU
		{D2116C83-72F5-44C1-94AF-8615A86B5A50}.Debug|Any CPU.ActiveCfg = Debug|Any CPU
		{D2116C83-72F5-44C1-94AF-8615A86B5A50}.Debug|Any CPU.Build.0 = Debug|Any CPU
		{D2116C83-72F5-44C1-94AF-8615A86B5A50}.Release|Any CPU.ActiveCfg = Release|Any CPU
		{D2116C83-72F5-44C1-94AF-8615A86B5A50}.Release|Any CPU.Build.0 = Release|Any CPU
		{1654E2B0-C8E5-474C-A5AA-B9324FB58E94}.Debug|Any CPU.ActiveCfg = Debug|Any CPU
		{1654E2B0-C8E5-474C-A5AA-B9324FB58E94}.Debug|Any CPU.Build.0 = Debug|Any CPU
		{1654E2B0-C8E5-474C-A5AA-B9324FB58E94}.Release|Any CPU.ActiveCfg = Release|Any CPU
		{1654E2B0-C8E5-474C-A5AA-B9324FB58E94}.Release|Any CPU.Build.0 = Release|Any CPU
		{8C249521-B56B-4A5B-B8A2-1D7A00A05E5A}.Debug|Any CPU.ActiveCfg = Debug|Any CPU
		{8C249521-B56B-4A5B-B8A2-1D7A00A05E5A}.Debug|Any CPU.Build.0 = Debug|Any CPU
		{8C249521-B56B-4A5B-B8A2-1D7A00A05E5A}.Release|Any CPU.ActiveCfg = Release|Any CPU
		{8C249521-B56B-4A5B-B8A2-1D7A00A05E5A}.Release|Any CPU.Build.0 = Release|Any CPU
		{446CECF6-7943-40EC-AE0C-8075E47D7A44}.Debug|Any CPU.ActiveCfg = Debug|Any CPU
		{446CECF6-7943-40EC-AE0C-8075E47D7A44}.Debug|Any CPU.Build.0 = Debug|Any CPU
		{446CECF6-7943-40EC-AE0C-8075E47D7A44}.Release|Any CPU.ActiveCfg = Release|Any CPU
		{446CECF6-7943-40EC-AE0C-8075E47D7A44}.Release|Any CPU.Build.0 = Release|Any CPU
	EndGlobalSection
	GlobalSection(SolutionProperties) = preSolution
		HideSolutionNode = FALSE
	EndGlobalSection
	GlobalSection(NestedProjects) = preSolution
		{18533D2F-90E2-4F99-8B40-12FBDA784248} = {2292CF00-E1FC-4B7D-A0C0-E2C64745E5AA}
		{D0A0661D-1D4D-4F30-8C70-C74537B35892} = {2292CF00-E1FC-4B7D-A0C0-E2C64745E5AA}
		{46281B6F-ECAC-42C5-A29F-F6DCDD8878CB} = {2292CF00-E1FC-4B7D-A0C0-E2C64745E5AA}
		{15E16FE1-8D7F-450F-BB2D-2713632D310E} = {7AF76B12-9C2E-4D7B-8D42-99846113EFB0}
		{7D6C925C-A38B-46F0-BE06-5B0EE248ED61} = {7AF76B12-9C2E-4D7B-8D42-99846113EFB0}
		{341EE61C-7029-4B6F-8F40-220B49579B51} = {7AF76B12-9C2E-4D7B-8D42-99846113EFB0}
		{84F0FEE1-158C-4A57-898B-F6364F604D26} = {E15CE735-5951-4BB1-A4BE-1493368DD488}
		{892753C8-552F-44D3-92F1-213E9E5D92C4} = {E15CE735-5951-4BB1-A4BE-1493368DD488}
		{E3A69B64-4B8C-45F1-AD03-366635192CAA} = {E15CE735-5951-4BB1-A4BE-1493368DD488}
		{0C026599-FC62-494D-B9CA-37599B070BF2} = {C5D8B917-D9B1-4561-AE13-A637BC337938}
		{F2D104F7-9B47-45D2-83D9-962B210109D7} = {C5D8B917-D9B1-4561-AE13-A637BC337938}
		{473CE246-638F-4D90-A1E5-C524D6D4ADE1} = {C5D8B917-D9B1-4561-AE13-A637BC337938}
		{D507B514-139F-4C77-917D-72EF00E74B88} = {5B1B2A32-20D6-4499-A8EF-35A261260C06}
		{B9B51251-B1EC-4837-A294-8780C92BD6F6} = {5B1B2A32-20D6-4499-A8EF-35A261260C06}
		{D2116C83-72F5-44C1-94AF-8615A86B5A50} = {5B1B2A32-20D6-4499-A8EF-35A261260C06}
		{1654E2B0-C8E5-474C-A5AA-B9324FB58E94} = {5EA73D2F-6C62-486B-8BE5-A60399A2F8FB}
		{446CECF6-7943-40EC-AE0C-8075E47D7A44} = {5EA73D2F-6C62-486B-8BE5-A60399A2F8FB}
	EndGlobalSection
	GlobalSection(ExtensibilityGlobals) = postSolution
		SolutionGuid = {55D8ECBE-BB1A-4FD3-BBA7-42F7344CB49C}
	EndGlobalSection
EndGlobal
